
Microsoft Visual Studio Solution File, Format Version 12.00
# Visual Studio 15
VisualStudioVersion = 15.0.27428.2015
MinimumVisualStudioVersion = 10.0.40219.1
Project("{8BC9CEB8-8B4A-11D0-8D11-00A0C91BC942}") = "pmdplay", "pmdplay\pmdplay.vcxproj", "{86249B2D-85F0-4BF5-89B1-6D908F38F55D}"
EndProject
Project("{2150E333-8FDC-42A3-9474-1A3956D46DE8}") = "Solution Items", "Solution Items", "{6CE59CA6-32D8-4E21-9AD0-58C357F1F800}"
	ProjectSection(SolutionItems) = preProject
		Readme.md = Readme.md
		shared\resource.h = shared\resource.h
	EndProjectSection
EndProject
Global
	GlobalSection(SolutionConfigurationPlatforms) = preSolution
		Debug|x64 = Debug|x64
		Debug|x86 = Debug|x86
		Release|x64 = Release|x64
		Release|x86 = Release|x86
	EndGlobalSection
	GlobalSection(ProjectConfigurationPlatforms) = postSolution
		{86249B2D-85F0-4BF5-89B1-6D908F38F55D}.Debug|x64.ActiveCfg = Debug|x64
		{86249B2D-85F0-4BF5-89B1-6D908F38F55D}.Debug|x64.Build.0 = Debug|x64
		{86249B2D-85F0-4BF5-89B1-6D908F38F55D}.Debug|x86.ActiveCfg = Debug|Win32
		{86249B2D-85F0-4BF5-89B1-6D908F38F55D}.Debug|x86.Build.0 = Debug|Win32
		{86249B2D-85F0-4BF5-89B1-6D908F38F55D}.Release|x64.ActiveCfg = Release|x64
		{86249B2D-85F0-4BF5-89B1-6D908F38F55D}.Release|x64.Build.0 = Release|x64
		{86249B2D-85F0-4BF5-89B1-6D908F38F55D}.Release|x86.ActiveCfg = Release|Win32
		{86249B2D-85F0-4BF5-89B1-6D908F38F55D}.Release|x86.Build.0 = Release|Win32
	EndGlobalSection
	GlobalSection(SolutionProperties) = preSolution
		HideSolutionNode = FALSE
	EndGlobalSection
	GlobalSection(ExtensibilityGlobals) = postSolution
		SolutionGuid = {D5DB9655-0EDF-4FD3-837C-76E6CA4F26D8}
	EndGlobalSection
EndGlobal
