<?xml version="1.0" encoding="utf-8"?>
<Project ToolsVersion="4.0" xmlns="http://schemas.microsoft.com/developer/msbuild/2003">
  <ItemGroup>
    <Filter Include="源文件">
      <UniqueIdentifier>{4FC737F1-C7A5-4376-A066-2A32D752A2FF}</UniqueIdentifier>
      <Extensions>cpp;c;cc;cxx;def;odl;idl;hpj;bat;asm;asmx</Extensions>
    </Filter>
    <Filter Include="头文件">
      <UniqueIdentifier>{93995380-89BD-4b04-88EB-625FBE52EBFB}</UniqueIdentifier>
      <Extensions>h;hh;hpp;hxx;hm;inl;inc;xsd</Extensions>
    </Filter>
    <Filter Include="资源文件">
      <UniqueIdentifier>{67DA6AB6-F800-4c08-8B7A-83BB121AAD01}</UniqueIdentifier>
      <Extensions>rc;ico;cur;bmp;dlg;rc2;rct;bin;rgs;gif;jpg;jpeg;jpe;resx;tiff;tif;png;wav;mfcribbon-ms</Extensions>
    </Filter>
    <Filter Include="fmgen">
      <UniqueIdentifier>{4f164ea3-093d-4a14-8f57-914707eedeb4}</UniqueIdentifier>
    </Filter>
    <Filter Include="pmdwin">
      <UniqueIdentifier>{60631600-8e54-4230-a249-d2012597f3c4}</UniqueIdentifier>
    </Filter>
  </ItemGroup>
  <ItemGroup>
    <ClCompile Include="PMDPlayer.cpp">
      <Filter>源文件</Filter>
    </ClCompile>
    <ClCompile Include="ChooseFileDialog.cpp">
      <Filter>源文件</Filter>
    </ClCompile>
    <ClCompile Include="DxKeyTrigger.cpp">
      <Filter>源文件</Filter>
    </ClCompile>
    <ClCompile Include="DxShell.cpp">
      <Filter>源文件</Filter>
    </ClCompile>
    <ClCompile Include="InputBox.cpp">
      <Filter>源文件</Filter>
    </ClCompile>
    <ClCompile Include="pmdplay.cpp">
      <Filter>源文件</Filter>
    </ClCompile>
    <ClCompile Include="PMDPlayer_DSound.cpp">
      <Filter>源文件</Filter>
    </ClCompile>
    <ClCompile Include="PMDPlayer_XAudio2.cpp">
      <Filter>源文件</Filter>
    </ClCompile>
    <ClCompile Include="PMDScreen.cpp">
      <Filter>源文件</Filter>
    </ClCompile>
    <ClCompile Include="Update.cpp">
      <Filter>源文件</Filter>
    </ClCompile>
    <ClCompile Include="viewmem.cpp">
      <Filter>源文件</Filter>
    </ClCompile>
    <ClCompile Include="ResLoader.cpp">
      <Filter>源文件</Filter>
    </ClCompile>
    <ClCompile Include="pmdmini.cpp">
      <Filter>源文件</Filter>
    </ClCompile>
    <ClCompile Include="fmgen\file.cpp">
      <Filter>fmgen</Filter>
    </ClCompile>
    <ClCompile Include="fmgen\fmgen.cpp">
      <Filter>fmgen</Filter>
    </ClCompile>
    <ClCompile Include="fmgen\fmtimer.cpp">
      <Filter>fmgen</Filter>
    </ClCompile>
    <ClCompile Include="fmgen\opna.cpp">
      <Filter>fmgen</Filter>
    </ClCompile>
    <ClCompile Include="fmgen\psg.cpp">
      <Filter>fmgen</Filter>
    </ClCompile>
    <ClCompile Include="PMDWin\opnaw.cpp">
      <Filter>pmdwin</Filter>
    </ClCompile>
    <ClCompile Include="PMDWin\p86drv.cpp">
      <Filter>pmdwin</Filter>
    </ClCompile>
    <ClCompile Include="PMDWin\pmdwin.cpp">
      <Filter>pmdwin</Filter>
    </ClCompile>
    <ClCompile Include="PMDWin\pmdwincore.cpp">
      <Filter>pmdwin</Filter>
    </ClCompile>
    <ClCompile Include="PMDWin\ppsdrv.cpp">
      <Filter>pmdwin</Filter>
    </ClCompile>
    <ClCompile Include="PMDWin\ppz8l.cpp">
      <Filter>pmdwin</Filter>
    </ClCompile>
    <ClCompile Include="PMDWin\table.cpp">
      <Filter>pmdwin</Filter>
    </ClCompile>
    <ClCompile Include="PMDWin\util.cpp">
      <Filter>pmdwin</Filter>
    </ClCompile>
  </ItemGroup>
  <ItemGroup>
    <ResourceCompile Include="InputBox.rc">
      <Filter>资源文件</Filter>
    </ResourceCompile>
    <ResourceCompile Include="pmdplay.rc">
      <Filter>资源文件</Filter>
    </ResourceCompile>
    <ResourceCompile Include="sfn_template.rc">
      <Filter>资源文件</Filter>
    </ResourceCompile>
    <ResourceCompile Include="Strings.rc">
      <Filter>资源文件</Filter>
    </ResourceCompile>
  </ItemGroup>
  <ItemGroup>
    <ClInclude Include="ChooseFileDialog.h">
      <Filter>头文件</Filter>
    </ClInclude>
    <ClInclude Include="DxKeyTrigger.h">
      <Filter>头文件</Filter>
    </ClInclude>
    <ClInclude Include="DxShell.h">
      <Filter>头文件</Filter>
    </ClInclude>
    <ClInclude Include="InputBox.h">
      <Filter>头文件</Filter>
    </ClInclude>
    <ClInclude Include="InputBoxResource.h">
      <Filter>头文件</Filter>
    </ClInclude>
    <ClInclude Include="pmdmini.h">
      <Filter>头文件</Filter>
    </ClInclude>
    <ClInclude Include="PMDPlayer.h">
      <Filter>头文件</Filter>
    </ClInclude>
    <ClInclude Include="PMDPlayer_DSound.h">
      <Filter>头文件</Filter>
    </ClInclude>
    <ClInclude Include="PMDPlayer_XAudio2.h">
      <Filter>头文件</Filter>
    </ClInclude>
    <ClInclude Include="PMDScreen.h">
      <Filter>头文件</Filter>
    </ClInclude>
    <ClInclude Include="resource.h">
      <Filter>头文件</Filter>
    </ClInclude>
    <ClInclude Include="sfn_template_res.h">
      <Filter>头文件</Filter>
    </ClInclude>
    <ClInclude Include="Update.h">
      <Filter>头文件</Filter>
    </ClInclude>
    <ClInclude Include="viewmem.h">
      <Filter>头文件</Filter>
    </ClInclude>
    <ClInclude Include="ResLoader.h">
      <Filter>头文件</Filter>
    </ClInclude>
    <ClInclude Include="resource1.h">
      <Filter>头文件</Filter>
    </ClInclude>
    <ClInclude Include="fmgen\diag.h">
      <Filter>fmgen</Filter>
    </ClInclude>
    <ClInclude Include="fmgen\file.h">
      <Filter>fmgen</Filter>
    </ClInclude>
    <ClInclude Include="fmgen\fmgen.h">
      <Filter>fmgen</Filter>
    </ClInclude>
    <ClInclude Include="fmgen\fmgeninl.h">
      <Filter>fmgen</Filter>
    </ClInclude>
    <ClInclude Include="fmgen\fmtimer.h">
      <Filter>fmgen</Filter>
    </ClInclude>
    <ClInclude Include="fmgen\headers.h">
      <Filter>fmgen</Filter>
    </ClInclude>
    <ClInclude Include="fmgen\misc.h">
      <Filter>fmgen</Filter>
    </ClInclude>
    <ClInclude Include="fmgen\opna.h">
      <Filter>fmgen</Filter>
    </ClInclude>
    <ClInclude Include="fmgen\portability.h">
      <Filter>fmgen</Filter>
    </ClInclude>
    <ClInclude Include="fmgen\psg.h">
      <Filter>fmgen</Filter>
    </ClInclude>
    <ClInclude Include="fmgen\types.h">
      <Filter>fmgen</Filter>
    </ClInclude>
    <ClInclude Include="PMDWin\opnaw.h">
      <Filter>pmdwin</Filter>
    </ClInclude>
    <ClInclude Include="PMDWin\p86drv.h">
      <Filter>pmdwin</Filter>
    </ClInclude>
    <ClInclude Include="PMDWin\pcmmusdriver.h">
      <Filter>pmdwin</Filter>
    </ClInclude>
    <ClInclude Include="PMDWin\pmdwin.h">
      <Filter>pmdwin</Filter>
    </ClInclude>
    <ClInclude Include="PMDWin\pmdwincore.h">
      <Filter>pmdwin</Filter>
    </ClInclude>
    <ClInclude Include="PMDWin\pmdwinimport.h">
      <Filter>pmdwin</Filter>
    </ClInclude>
    <ClInclude Include="PMDWin\ppsdrv.h">
      <Filter>pmdwin</Filter>
    </ClInclude>
    <ClInclude Include="PMDWin\ppz8l.h">
      <Filter>pmdwin</Filter>
    </ClInclude>
    <ClInclude Include="PMDWin\table.h">
      <Filter>pmdwin</Filter>
    </ClInclude>
    <ClInclude Include="PMDWin\util.h">
      <Filter>pmdwin</Filter>
    </ClInclude>
  </ItemGroup>
  <ItemGroup>
    <Text Include="fmgen\change.txt">
      <Filter>fmgen</Filter>
    </Text>
    <Text Include="fmgen\readme.txt">
      <Filter>fmgen</Filter>
    </Text>
    <Text Include="PMDWin\COMInfop.txt">
      <Filter>pmdwin</Filter>
    </Text>
    <Text Include="PMDWin\Debug.txt">
      <Filter>pmdwin</Filter>
    </Text>
    <Text Include="PMDWin\DLLDif.txt">
      <Filter>pmdwin</Filter>
    </Text>
    <Text Include="PMDWin\DLLInfop.txt">
      <Filter>pmdwin</Filter>
    </Text>
    <Text Include="PMDWin\PMDWin.txt">
      <Filter>pmdwin</Filter>
    </Text>
    <Text Include="PMDWin\PMDWinS.txt">
      <Filter>pmdwin</Filter>
    </Text>
  </ItemGroup>
  <ItemGroup>
    <None Include="PMDWin\pmdwin.def">
      <Filter>pmdwin</Filter>
    </None>
  </ItemGroup>
</Project>